
Microsoft Visual Studio Solution File, Format Version 12.00
# Visual Studio Version 17
VisualStudioVersion = 17.0.32014.148
MinimumVisualStudioVersion = 10.0.40219.1
Project("{9A19103F-16F7-4668-BE54-9A1E7A4F7556}") = "DataDrop", "DataDrop\DataDrop.csproj", "{81F100E8-8B33-49E3-B3CB-450C39CF1256}"
EndProject
Project("{9A19103F-16F7-4668-BE54-9A1E7A4F7556}") = "DataDrop.BusinessLayer", "DataDrop.BusinessLayer\DataDrop.BusinessLayer.csproj", "{3ECEDA57-BAEC-4559-9BB4-9487FC7160CE}"
EndProject
Project("{9A19103F-16F7-4668-BE54-9A1E7A4F7556}") = "DataDrop.Models", "DataDrop.Models\DataDrop.Models.csproj", "{0288A9DD-CA68-4358-8A0A-0F8BDA0D63C1}"
EndProject
Project("{9A19103F-16F7-4668-BE54-9A1E7A4F7556}") = "DataDrop.Test", "DataDrop.Test\DataDrop.Test.csproj", "{10DE46B5-DDB1-459E-8402-1814C6452BBF}"
EndProject
Project("{FAE04EC0-301F-11D3-BF4B-00C04F79EFBC}") = "DataDrop.CliDownloadClient", "DataDrop.CliDownloadClient\DataDrop.CliDownloadClient.csproj", "{5333E613-FF57-4D98-9012-E868E31C0783}"
EndProject
Global
	GlobalSection(SolutionConfigurationPlatforms) = preSolution
		Debug|Any CPU = Debug|Any CPU
		Release|Any CPU = Release|Any CPU
	EndGlobalSection
	GlobalSection(ProjectConfigurationPlatforms) = postSolution
		{81F100E8-8B33-49E3-B3CB-450C39CF1256}.Debug|Any CPU.ActiveCfg = Debug|Any CPU
		{81F100E8-8B33-49E3-B3CB-450C39CF1256}.Debug|Any CPU.Build.0 = Debug|Any CPU
		{81F100E8-8B33-49E3-B3CB-450C39CF1256}.Release|Any CPU.ActiveCfg = Release|Any CPU
		{81F100E8-8B33-49E3-B3CB-450C39CF1256}.Release|Any CPU.Build.0 = Release|Any CPU
		{3ECEDA57-BAEC-4559-9BB4-9487FC7160CE}.Debug|Any CPU.ActiveCfg = Debug|Any CPU
		{3ECEDA57-BAEC-4559-9BB4-9487FC7160CE}.Debug|Any CPU.Build.0 = Debug|Any CPU
		{3ECEDA57-BAEC-4559-9BB4-9487FC7160CE}.Release|Any CPU.ActiveCfg = Release|Any CPU
		{3ECEDA57-BAEC-4559-9BB4-9487FC7160CE}.Release|Any CPU.Build.0 = Release|Any CPU
		{0288A9DD-CA68-4358-8A0A-0F8BDA0D63C1}.Debug|Any CPU.ActiveCfg = Debug|Any CPU
		{0288A9DD-CA68-4358-8A0A-0F8BDA0D63C1}.Debug|Any CPU.Build.0 = Debug|Any CPU
		{0288A9DD-CA68-4358-8A0A-0F8BDA0D63C1}.Release|Any CPU.ActiveCfg = Release|Any CPU
		{0288A9DD-CA68-4358-8A0A-0F8BDA0D63C1}.Release|Any CPU.Build.0 = Release|Any CPU
		{10DE46B5-DDB1-459E-8402-1814C6452BBF}.Debug|Any CPU.ActiveCfg = Debug|Any CPU
		{10DE46B5-DDB1-459E-8402-1814C6452BBF}.Debug|Any CPU.Build.0 = Debug|Any CPU
		{10DE46B5-DDB1-459E-8402-1814C6452BBF}.Release|Any CPU.ActiveCfg = Release|Any CPU
		{10DE46B5-DDB1-459E-8402-1814C6452BBF}.Release|Any CPU.Build.0 = Release|Any CPU
		{5333E613-FF57-4D98-9012-E868E31C0783}.Debug|Any CPU.ActiveCfg = Debug|Any CPU
		{5333E613-FF57-4D98-9012-E868E31C0783}.Debug|Any CPU.Build.0 = Debug|Any CPU
		{5333E613-FF57-4D98-9012-E868E31C0783}.Release|Any CPU.ActiveCfg = Release|Any CPU
		{5333E613-FF57-4D98-9012-E868E31C0783}.Release|Any CPU.Build.0 = Release|Any CPU
	EndGlobalSection
	GlobalSection(SolutionProperties) = preSolution
		HideSolutionNode = FALSE
	EndGlobalSection
	GlobalSection(ExtensibilityGlobals) = postSolution
		SolutionGuid = {91EB163D-1415-4642-8FB8-8622D46BBFC5}
	EndGlobalSection
EndGlobal
